
Microsoft Visual Studio Solution File, Format Version 12.00
# Visual Studio Version 17
VisualStudioVersion = 17.7.34031.279
MinimumVisualStudioVersion = 10.0.40219.1
Project("{FAE04EC0-301F-11D3-BF4B-00C04F79EFBC}") = "TCP", "TCP\TCP.csproj", "{3E787561-8931-46D9-BD01-70225CAB77F3}"
EndProject
Project("{FAE04EC0-301F-11D3-BF4B-00C04F79EFBC}") = "TCPServer", "TCPServer\TCPServer.csproj", "{681B777F-73B1-4DC1-9E67-5B71D47578EA}"
EndProject
Global
	GlobalSection(SolutionConfigurationPlatforms) = preSolution
		Debug|Any CPU = Debug|Any CPU
		Release|Any CPU = Release|Any CPU
	EndGlobalSection
	GlobalSection(ProjectConfigurationPlatforms) = postSolution
		{3E787561-8931-46D9-BD01-70225CAB77F3}.Debug|Any CPU.ActiveCfg = Debug|Any CPU
		{3E787561-8931-46D9-BD01-70225CAB77F3}.Debug|Any CPU.Build.0 = Debug|Any CPU
		{3E787561-8931-46D9-BD01-70225CAB77F3}.Release|Any CPU.ActiveCfg = Release|Any CPU
		{3E787561-8931-46D9-BD01-70225CAB77F3}.Release|Any CPU.Build.0 = Release|Any CPU
		{681B777F-73B1-4DC1-9E67-5B71D47578EA}.Debug|Any CPU.ActiveCfg = Debug|Any CPU
		{681B777F-73B1-4DC1-9E67-5B71D47578EA}.Debug|Any CPU.Build.0 = Debug|Any CPU
		{681B777F-73B1-4DC1-9E67-5B71D47578EA}.Release|Any CPU.ActiveCfg = Release|Any CPU
		{681B777F-73B1-4DC1-9E67-5B71D47578EA}.Release|Any CPU.Build.0 = Release|Any CPU
	EndGlobalSection
	GlobalSection(SolutionProperties) = preSolution
		HideSolutionNode = FALSE
	EndGlobalSection
	GlobalSection(ExtensibilityGlobals) = postSolution
		SolutionGuid = {15A4D1C6-D0DD-4797-98F0-E04E8AB00798}
	EndGlobalSection
EndGlobal
